
Microsoft Visual Studio Solution File, Format Version 12.00
# Visual Studio Version 17
VisualStudioVersion = 17.14.36414.22
MinimumVisualStudioVersion = 10.0.40219.1
Project("{2150E333-8FDC-42A3-9474-1A3956D46DE8}") = "Task2", "Task2", "{36D591C7-65C7-A0D1-1CBC-10CDE441BDC8}"
EndProject
Project("{FAE04EC0-301F-11D3-BF4B-00C04F79EFBC}") = "Tyuiu.skirnevskyBR.Sprint2.Task2.V9", "Tyuiu.skirnevskyBR.Sprint2.Task2.V9\Tyuiu.skirnevskyBR.Sprint2.Task2.V9.csproj", "{C4AE2D18-8621-4442-BC1D-8B343D4C7903}"
EndProject
Project("{FAE04EC0-301F-11D3-BF4B-00C04F79EFBC}") = "Tyuiu.skirnevskyBR.Sprint2.Task2.V9.Lib", "Tyuiu.skirnevskyBR.Sprint2.Task2.V9.Lib\Tyuiu.skirnevskyBR.Sprint2.Task2.V9.Lib.csproj", "{9B1C2CEC-8857-44A5-A8D6-C489971BC5BD}"
EndProject
Project("{FAE04EC0-301F-11D3-BF4B-00C04F79EFBC}") = "Tyuiu.skirnevskyBR.Sprint2.Task2.V9.Test", "Tyuiu.skirnevskyBR.Sprint2.Task2.V9.Test\Tyuiu.skirnevskyBR.Sprint2.Task2.V9.Test.csproj", "{E6EBD2B8-0A94-4EEB-ABB0-464ABBA3D173}"
EndProject
Project("{2150E333-8FDC-42A3-9474-1A3956D46DE8}") = "Task3", "Task3", "{9A046CFE-C670-4960-90ED-96D3CA3CE0BE}"
EndProject
Project("{FAE04EC0-301F-11D3-BF4B-00C04F79EFBC}") = "Tyuiu.skirnevskyBR.Sprint2.Task3.V4", "Tyuiu.skirnevskyBR.Sprint2.Task3.V4\Tyuiu.skirnevskyBR.Sprint2.Task3.V4.csproj", "{72BE213C-B53E-4792-A312-B90D87761D10}"
EndProject
Project("{FAE04EC0-301F-11D3-BF4B-00C04F79EFBC}") = "Tyuiu.skirnevskyBR.Sprint2.Task3.V4.Lib", "Tyuiu.skirnevskyBR.Sprint2.Task3.V4.Lib\Tyuiu.skirnevskyBR.Sprint2.Task3.V4.Lib.csproj", "{F650969F-65BB-418B-B070-8F835C052C07}"
EndProject
Project("{FAE04EC0-301F-11D3-BF4B-00C04F79EFBC}") = "Tyuiu.skirnevskyBR.Sprint2.Task3.V4.Test", "Tyuiu.skirnevskyBR.Sprint2.Task3.V4.Test\Tyuiu.skirnevskyBR.Sprint2.Task3.V4.Test.csproj", "{34D6C382-C93D-4378-99FD-C21A59489160}"
EndProject
Project("{2150E333-8FDC-42A3-9474-1A3956D46DE8}") = "Task4", "Task4", "{0C76C274-8529-4D6D-8EB8-C6F0AB0CFB30}"
EndProject
Project("{FAE04EC0-301F-11D3-BF4B-00C04F79EFBC}") = "Tyuiu.skirnevskyBR.Sprint2.Task4.V27", "Tyuiu.skirnevskyBR.Sprint2.Task4.V27\Tyuiu.skirnevskyBR.Sprint2.Task4.V27.csproj", "{65D08C91-44CC-4A11-9E51-6961C61CBFBA}"
EndProject
Project("{FAE04EC0-301F-11D3-BF4B-00C04F79EFBC}") = "Tyuiu.skirnevskyBR.Sprint2.Task4.V27.Lib", "Tyuiu.skirnevskyBR.Sprint2.Task4.V27.Lib\Tyuiu.skirnevskyBR.Sprint2.Task4.V27.Lib.csproj", "{90DDEC35-B0A7-4EF9-89E4-F217A800A80A}"
EndProject
Project("{FAE04EC0-301F-11D3-BF4B-00C04F79EFBC}") = "Tyuiu.skirnevskyBR.Sprint2.Task4.V27.Test", "TestProject1Tyuiu.skirnevskyBR.Sprint2.Task4.V27.Test\Tyuiu.skirnevskyBR.Sprint2.Task4.V27.Test.csproj", "{6CC8158B-187E-420F-8F54-C9E1BC9FDCE7}"
EndProject
Project("{2150E333-8FDC-42A3-9474-1A3956D46DE8}") = "Task5", "Task5", "{854BB73F-2345-4FA0-B113-9E0D002B687B}"
EndProject
Project("{FAE04EC0-301F-11D3-BF4B-00C04F79EFBC}") = "Tyuiu.skirnevskyBR.Sprint2.Task5.V6", "Tyuiu.skirnevskyBR.Sprint2.Task5.V6\Tyuiu.skirnevskyBR.Sprint2.Task5.V6.csproj", "{C3FE727F-327C-4E5D-A63F-A22EA071A1D7}"
EndProject
Project("{FAE04EC0-301F-11D3-BF4B-00C04F79EFBC}") = "Tyuiu.skirnevskyBR.Sprint2.Task5.V6.Lib", "Tyuiu.skirnevskyBR.Sprint2.Task5.V6.Lib\Tyuiu.skirnevskyBR.Sprint2.Task5.V6.Lib.csproj", "{D0B7FB4F-7FB5-4D7F-B52F-CC97DF511DEC}"
EndProject
Project("{FAE04EC0-301F-11D3-BF4B-00C04F79EFBC}") = "Tyuiu.skirnevskyBR.Sprint2.Task5.V6.Test", "Tyuiu.skirnevskyBR.Sprint2.Task5.V6.Test\Tyuiu.skirnevskyBR.Sprint2.Task5.V6.Test.csproj", "{02728DBE-C01C-470F-A3FC-7DA2954EEF41}"
EndProject
Project("{2150E333-8FDC-42A3-9474-1A3956D46DE8}") = "Task6", "Task6", "{14664975-C656-4FF6-BCAB-604AF1F5EE7D}"
EndProject
Project("{FAE04EC0-301F-11D3-BF4B-00C04F79EFBC}") = "Tyuiu.skirnevskyBR.Sprint2.Task6.V14", "Tyuiu.skirnevskyBR.Sprint2.Task6.V14\Tyuiu.skirnevskyBR.Sprint2.Task6.V14.csproj", "{9E0AA08A-E5BC-41C0-9874-98477E8F1939}"
EndProject
Project("{FAE04EC0-301F-11D3-BF4B-00C04F79EFBC}") = "Tyuiu.skirnevskyBR.Sprint2.Task6.V14.Lib", "Tyuiu.skirnevskyBR.Sprint2.Task6.V14.Lib\Tyuiu.skirnevskyBR.Sprint2.Task6.V14.Lib.csproj", "{AC85401F-C509-41B2-AF42-87B2B5FD39DE}"
EndProject
Project("{FAE04EC0-301F-11D3-BF4B-00C04F79EFBC}") = "Tyuiu.skirnevskyBR.Sprint2.Task6.V14.Test", "Tyuiu.skirnevskyBR.Sprint2.Task6.V14.Test\Tyuiu.skirnevskyBR.Sprint2.Task6.V14.Test.csproj", "{09DF71A4-42E9-4CF6-86F2-7F5B696E0C7A}"
EndProject
Global
	GlobalSection(SolutionConfigurationPlatforms) = preSolution
		Debug|Any CPU = Debug|Any CPU
		Release|Any CPU = Release|Any CPU
	EndGlobalSection
	GlobalSection(ProjectConfigurationPlatforms) = postSolution
		{C4AE2D18-8621-4442-BC1D-8B343D4C7903}.Debug|Any CPU.ActiveCfg = Debug|Any CPU
		{C4AE2D18-8621-4442-BC1D-8B343D4C7903}.Debug|Any CPU.Build.0 = Debug|Any CPU
		{C4AE2D18-8621-4442-BC1D-8B343D4C7903}.Release|Any CPU.ActiveCfg = Release|Any CPU
		{C4AE2D18-8621-4442-BC1D-8B343D4C7903}.Release|Any CPU.Build.0 = Release|Any CPU
		{9B1C2CEC-8857-44A5-A8D6-C489971BC5BD}.Debug|Any CPU.ActiveCfg = Debug|Any CPU
		{9B1C2CEC-8857-44A5-A8D6-C489971BC5BD}.Debug|Any CPU.Build.0 = Debug|Any CPU
		{9B1C2CEC-8857-44A5-A8D6-C489971BC5BD}.Release|Any CPU.ActiveCfg = Release|Any CPU
		{9B1C2CEC-8857-44A5-A8D6-C489971BC5BD}.Release|Any CPU.Build.0 = Release|Any CPU
		{E6EBD2B8-0A94-4EEB-ABB0-464ABBA3D173}.Debug|Any CPU.ActiveCfg = Debug|Any CPU
		{E6EBD2B8-0A94-4EEB-ABB0-464ABBA3D173}.Debug|Any CPU.Build.0 = Debug|Any CPU
		{E6EBD2B8-0A94-4EEB-ABB0-464ABBA3D173}.Release|Any CPU.ActiveCfg = Release|Any CPU
		{E6EBD2B8-0A94-4EEB-ABB0-464ABBA3D173}.Release|Any CPU.Build.0 = Release|Any CPU
		{72BE213C-B53E-4792-A312-B90D87761D10}.Debug|Any CPU.ActiveCfg = Debug|Any CPU
		{72BE213C-B53E-4792-A312-B90D87761D10}.Debug|Any CPU.Build.0 = Debug|Any CPU
		{72BE213C-B53E-4792-A312-B90D87761D10}.Release|Any CPU.ActiveCfg = Release|Any CPU
		{72BE213C-B53E-4792-A312-B90D87761D10}.Release|Any CPU.Build.0 = Release|Any CPU
		{F650969F-65BB-418B-B070-8F835C052C07}.Debug|Any CPU.ActiveCfg = Debug|Any CPU
		{F650969F-65BB-418B-B070-8F835C052C07}.Debug|Any CPU.Build.0 = Debug|Any CPU
		{F650969F-65BB-418B-B070-8F835C052C07}.Release|Any CPU.ActiveCfg = Release|Any CPU
		{F650969F-65BB-418B-B070-8F835C052C07}.Release|Any CPU.Build.0 = Release|Any CPU
		{34D6C382-C93D-4378-99FD-C21A59489160}.Debug|Any CPU.ActiveCfg = Debug|Any CPU
		{34D6C382-C93D-4378-99FD-C21A59489160}.Debug|Any CPU.Build.0 = Debug|Any CPU
		{34D6C382-C93D-4378-99FD-C21A59489160}.Release|Any CPU.ActiveCfg = Release|Any CPU
		{34D6C382-C93D-4378-99FD-C21A59489160}.Release|Any CPU.Build.0 = Release|Any CPU
		{65D08C91-44CC-4A11-9E51-6961C61CBFBA}.Debug|Any CPU.ActiveCfg = Debug|Any CPU
		{65D08C91-44CC-4A11-9E51-6961C61CBFBA}.Debug|Any CPU.Build.0 = Debug|Any CPU
		{65D08C91-44CC-4A11-9E51-6961C61CBFBA}.Release|Any CPU.ActiveCfg = Release|Any CPU
		{65D08C91-44CC-4A11-9E51-6961C61CBFBA}.Release|Any CPU.Build.0 = Release|Any CPU
		{90DDEC35-B0A7-4EF9-89E4-F217A800A80A}.Debug|Any CPU.ActiveCfg = Debug|Any CPU
		{90DDEC35-B0A7-4EF9-89E4-F217A800A80A}.Debug|Any CPU.Build.0 = Debug|Any CPU
		{90DDEC35-B0A7-4EF9-89E4-F217A800A80A}.Release|Any CPU.ActiveCfg = Release|Any CPU
		{90DDEC35-B0A7-4EF9-89E4-F217A800A80A}.Release|Any CPU.Build.0 = Release|Any CPU
		{6CC8158B-187E-420F-8F54-C9E1BC9FDCE7}.Debug|Any CPU.ActiveCfg = Debug|Any CPU
		{6CC8158B-187E-420F-8F54-C9E1BC9FDCE7}.Debug|Any CPU.Build.0 = Debug|Any CPU
		{6CC8158B-187E-420F-8F54-C9E1BC9FDCE7}.Release|Any CPU.ActiveCfg = Release|Any CPU
		{6CC8158B-187E-420F-8F54-C9E1BC9FDCE7}.Release|Any CPU.Build.0 = Release|Any CPU
		{C3FE727F-327C-4E5D-A63F-A22EA071A1D7}.Debug|Any CPU.ActiveCfg = Debug|Any CPU
		{C3FE727F-327C-4E5D-A63F-A22EA071A1D7}.Debug|Any CPU.Build.0 = Debug|Any CPU
		{C3FE727F-327C-4E5D-A63F-A22EA071A1D7}.Release|Any CPU.ActiveCfg = Release|Any CPU
		{C3FE727F-327C-4E5D-A63F-A22EA071A1D7}.Release|Any CPU.Build.0 = Release|Any CPU
		{D0B7FB4F-7FB5-4D7F-B52F-CC97DF511DEC}.Debug|Any CPU.ActiveCfg = Debug|Any CPU
		{D0B7FB4F-7FB5-4D7F-B52F-CC97DF511DEC}.Debug|Any CPU.Build.0 = Debug|Any CPU
		{D0B7FB4F-7FB5-4D7F-B52F-CC97DF511DEC}.Release|Any CPU.ActiveCfg = Release|Any CPU
		{D0B7FB4F-7FB5-4D7F-B52F-CC97DF511DEC}.Release|Any CPU.Build.0 = Release|Any CPU
		{02728DBE-C01C-470F-A3FC-7DA2954EEF41}.Debug|Any CPU.ActiveCfg = Debug|Any CPU
		{02728DBE-C01C-470F-A3FC-7DA2954EEF41}.Debug|Any CPU.Build.0 = Debug|Any CPU
		{02728DBE-C01C-470F-A3FC-7DA2954EEF41}.Release|Any CPU.ActiveCfg = Release|Any CPU
		{02728DBE-C01C-470F-A3FC-7DA2954EEF41}.Release|Any CPU.Build.0 = Release|Any CPU
		{9E0AA08A-E5BC-41C0-9874-98477E8F1939}.Debug|Any CPU.ActiveCfg = Debug|Any CPU
		{9E0AA08A-E5BC-41C0-9874-98477E8F1939}.Debug|Any CPU.Build.0 = Debug|Any CPU
		{9E0AA08A-E5BC-41C0-9874-98477E8F1939}.Release|Any CPU.ActiveCfg = Release|Any CPU
		{9E0AA08A-E5BC-41C0-9874-98477E8F1939}.Release|Any CPU.Build.0 = Release|Any CPU
		{AC85401F-C509-41B2-AF42-87B2B5FD39DE}.Debug|Any CPU.ActiveCfg = Debug|Any CPU
		{AC85401F-C509-41B2-AF42-87B2B5FD39DE}.Debug|Any CPU.Build.0 = Debug|Any CPU
		{AC85401F-C509-41B2-AF42-87B2B5FD39DE}.Release|Any CPU.ActiveCfg = Release|Any CPU
		{AC85401F-C509-41B2-AF42-87B2B5FD39DE}.Release|Any CPU.Build.0 = Release|Any CPU
		{09DF71A4-42E9-4CF6-86F2-7F5B696E0C7A}.Debug|Any CPU.ActiveCfg = Debug|Any CPU
		{09DF71A4-42E9-4CF6-86F2-7F5B696E0C7A}.Debug|Any CPU.Build.0 = Debug|Any CPU
		{09DF71A4-42E9-4CF6-86F2-7F5B696E0C7A}.Release|Any CPU.ActiveCfg = Release|Any CPU
		{09DF71A4-42E9-4CF6-86F2-7F5B696E0C7A}.Release|Any CPU.Build.0 = Release|Any CPU
	EndGlobalSection
	GlobalSection(SolutionProperties) = preSolution
		HideSolutionNode = FALSE
	EndGlobalSection
	GlobalSection(NestedProjects) = preSolution
		{C4AE2D18-8621-4442-BC1D-8B343D4C7903} = {36D591C7-65C7-A0D1-1CBC-10CDE441BDC8}
		{9B1C2CEC-8857-44A5-A8D6-C489971BC5BD} = {36D591C7-65C7-A0D1-1CBC-10CDE441BDC8}
		{E6EBD2B8-0A94-4EEB-ABB0-464ABBA3D173} = {36D591C7-65C7-A0D1-1CBC-10CDE441BDC8}
		{72BE213C-B53E-4792-A312-B90D87761D10} = {9A046CFE-C670-4960-90ED-96D3CA3CE0BE}
		{F650969F-65BB-418B-B070-8F835C052C07} = {9A046CFE-C670-4960-90ED-96D3CA3CE0BE}
		{34D6C382-C93D-4378-99FD-C21A59489160} = {9A046CFE-C670-4960-90ED-96D3CA3CE0BE}
		{65D08C91-44CC-4A11-9E51-6961C61CBFBA} = {0C76C274-8529-4D6D-8EB8-C6F0AB0CFB30}
		{90DDEC35-B0A7-4EF9-89E4-F217A800A80A} = {0C76C274-8529-4D6D-8EB8-C6F0AB0CFB30}
		{6CC8158B-187E-420F-8F54-C9E1BC9FDCE7} = {0C76C274-8529-4D6D-8EB8-C6F0AB0CFB30}
		{C3FE727F-327C-4E5D-A63F-A22EA071A1D7} = {854BB73F-2345-4FA0-B113-9E0D002B687B}
		{D0B7FB4F-7FB5-4D7F-B52F-CC97DF511DEC} = {854BB73F-2345-4FA0-B113-9E0D002B687B}
		{02728DBE-C01C-470F-A3FC-7DA2954EEF41} = {854BB73F-2345-4FA0-B113-9E0D002B687B}
		{9E0AA08A-E5BC-41C0-9874-98477E8F1939} = {14664975-C656-4FF6-BCAB-604AF1F5EE7D}
		{AC85401F-C509-41B2-AF42-87B2B5FD39DE} = {14664975-C656-4FF6-BCAB-604AF1F5EE7D}
		{09DF71A4-42E9-4CF6-86F2-7F5B696E0C7A} = {14664975-C656-4FF6-BCAB-604AF1F5EE7D}
	EndGlobalSection
	GlobalSection(ExtensibilityGlobals) = postSolution
		SolutionGuid = {527AE4FB-81C6-437B-A292-5128251F6018}
	EndGlobalSection
EndGlobal
